{
    "_readme": [
        "This file locks the dependencies of your project to a known state",
        "Read more about it at https://getcomposer.org/doc/01-basic-usage.md#installing-dependencies",
        "This file is @generated automatically"
    ],
    "content-hash": "9ab9a63b2d4a0b528e32537e7efa2f4f",
    "packages": [
        {
            "name": "flow-php/array-dot",
            "version": "1.x-dev",
            "source": {
                "type": "git",
                "url": "https://github.com/flow-php/array-dot.git",
                "reference": "d3e12a96bc637420ffd92d743f72410d0f2b9e26"
            },
            "dist": {
                "type": "zip",
                "url": "https://api.github.com/repos/flow-php/array-dot/zipball/d3e12a96bc637420ffd92d743f72410d0f2b9e26",
                "reference": "d3e12a96bc637420ffd92d743f72410d0f2b9e26",
                "shasum": ""
            },
            "require": {
                "php": "^7.4 | ^8.0"
            },
            "default-branch": true,
            "type": "library",
            "autoload": {
                "psr-4": {
                    "Flow\\": [
                        "src/Flow"
                    ]
                },
                "files": [
                    "src/Flow/ArrayDot/array_dot.php"
                ]
            },
            "notification-url": "https://packagist.org/downloads/",
            "license": [
                "MIT"
            ],
            "description": "PHP ETL - Array Dot fuctions",
            "keywords": [
                "array",
                "dot",
                "etl",
                "extract",
                "filter",
                "load",
                "transform"
            ],
            "support": {
                "issues": "https://github.com/flow-php/array-dot/issues",
                "source": "https://github.com/flow-php/array-dot/tree/1.x"
            },
            "time": "2021-06-29T20:37:00+00:00"
        },
        {
            "name": "flow-php/etl",
            "version": "1.x-dev",
            "source": {
                "type": "git",
                "url": "https://github.com/flow-php/etl.git",
                "reference": "3df1be1723d72d31f05c6e1ae429dd117f28c059"
            },
            "dist": {
                "type": "zip",
                "url": "https://api.github.com/repos/flow-php/etl/zipball/3df1be1723d72d31f05c6e1ae429dd117f28c059",
                "reference": "3df1be1723d72d31f05c6e1ae429dd117f28c059",
                "shasum": ""
            },
            "require": {
                "ext-mbstring": "*",
                "php": "^7.4 | ^8.0"
            },
            "default-branch": true,
            "type": "library",
            "autoload": {
                "psr-4": {
                    "Flow\\": [
                        "src/Flow"
                    ]
                }
            },
            "notification-url": "https://packagist.org/downloads/",
            "license": [
                "MIT"
            ],
            "description": "PHP ETL - Extract Transform Load - Abstraction",
            "keywords": [
                "etl",
                "extract",
                "load",
                "transform"
            ],
            "support": {
                "issues": "https://github.com/flow-php/etl/issues",
                "source": "https://github.com/flow-php/etl/tree/1.x"
            },
            "time": "2021-06-26T15:55:59+00:00"
        }
    ],
    "packages-dev": [
        {
            "name": "flow-php/etl-adapter-json",
            "version": "1.x-dev",
            "source": {
                "type": "git",
                "url": "https://github.com/flow-php/etl-adapter-json.git",
                "reference": "674d48cefa57af45fc3a2673cdadb420926e5ba2"
            },
            "dist": {
                "type": "zip",
                "url": "https://api.github.com/repos/flow-php/etl-adapter-json/zipball/674d48cefa57af45fc3a2673cdadb420926e5ba2",
                "reference": "674d48cefa57af45fc3a2673cdadb420926e5ba2",
                "shasum": ""
            },
            "require": {
                "ext-json": "*",
                "flow-php/etl": "^1.0@dev",
                "php": "^7.4 | ^8.0"
            },
            "require-dev": {
                "halaxa/json-machine": "^0.6.1"
            },
            "suggest": {
                "halaxa/json-machine": "Memory safe json library used by Extractors and Loaders"
            },
            "default-branch": true,
            "type": "library",
            "autoload": {
                "psr-4": {
                    "Flow\\": [
                        "src/Flow"
                    ]
                }
            },
            "notification-url": "https://packagist.org/downloads/",
            "license": [
                "MIT"
            ],
            "description": "PHP ETL - Adapter - JSON",
            "keywords": [
                "adapter",
                "etl",
                "extract",
                "json",
                "load",
                "transform"
            ],
            "support": {
                "issues": "https://github.com/flow-php/etl-adapter-json/issues",
                "source": "https://github.com/flow-php/etl-adapter-json/tree/1.x"
            },
            "time": "2021-06-26T15:13:30+00:00"
        },
        {
            "name": "jawira/case-converter",
            "version": "v3.4.2",
            "source": {
                "type": "git",
                "url": "https://github.com/jawira/case-converter.git",
                "reference": "b32f881bfe30141a82c3b2d6ee466a2f192c7776"
            },
            "dist": {
                "type": "zip",
                "url": "https://api.github.com/repos/jawira/case-converter/zipball/b32f881bfe30141a82c3b2d6ee466a2f192c7776",
                "reference": "b32f881bfe30141a82c3b2d6ee466a2f192c7776",
                "shasum": ""
            },
            "require": {
                "ext-mbstring": "*",
                "php": ">=7.1"
            },
            "suggest": {
                "pds/skeleton": "PHP Package Development Standards",
                "phing/phing": "PHP Build Tool"
            },
            "type": "library",
            "autoload": {
                "psr-4": {
                    "Jawira\\CaseConverter\\": "src/"
                }
            },
            "notification-url": "https://packagist.org/downloads/",
            "license": [
                "MIT"
            ],
            "authors": [
                {
                    "name": "Jawira Portugal",
                    "email": "dev@tugal.be",
                    "homepage": "http://jawira.com/"
                }
            ],
            "description": "Convert strings between 13 naming conventions: Snake case, Camel case, Pascal case, Kebab case, Ada case, Train case, Cobol case, Macro case, Upper case, Lower case, Sentence case, Title case and Dot notation.",
            "homepage": "https://jawira.github.io/case-converter/",
            "keywords": [
                "Ada case",
                "Cobol case",
                "Macro case",
                "Train case",
                "camel case",
                "dot notation",
                "kebab case",
                "lower case",
                "pascal case",
                "sentence case",
                "snake case",
                "title case",
                "upper case"
            ],
            "support": {
                "issues": "https://github.com/jawira/case-converter/issues",
                "source": "https://github.com/jawira/case-converter/tree/v3.4.2"
            },
            "time": "2021-01-05T08:56:22+00:00"
        },
        {
            "name": "laminas/laminas-hydrator",
            "version": "4.2.1",
            "source": {
                "type": "git",
                "url": "https://github.com/laminas/laminas-hydrator.git",
                "reference": "e2749d6cda1dbbe730ba235a77323bf4f0b1f8f2"
            },
            "dist": {
                "type": "zip",
                "url": "https://api.github.com/repos/laminas/laminas-hydrator/zipball/e2749d6cda1dbbe730ba235a77323bf4f0b1f8f2",
                "reference": "e2749d6cda1dbbe730ba235a77323bf4f0b1f8f2",
                "shasum": ""
            },
            "require": {
                "laminas/laminas-stdlib": "^3.3",
                "laminas/laminas-zendframework-bridge": "^1.0",
                "php": "^7.3 || ~8.0.0",
                "webmozart/assert": "^1.10"
            },
            "replace": {
                "zendframework/zend-hydrator": "^3.0.2"
            },
            "require-dev": {
                "laminas/laminas-coding-standard": "~2.3.0",
                "laminas/laminas-eventmanager": "^3.2.1",
                "laminas/laminas-modulemanager": "^2.8",
                "laminas/laminas-serializer": "^2.9",
                "laminas/laminas-servicemanager": "^3.3.2",
                "phpunit/phpunit": "~9.3.0",
                "psalm/plugin-phpunit": "^0.16.1",
                "vimeo/psalm": "^4.8.1"
            },
            "suggest": {
                "laminas/laminas-eventmanager": "^3.2, to support aggregate hydrator usage",
                "laminas/laminas-serializer": "^2.9, to use the SerializableStrategy",
                "laminas/laminas-servicemanager": "^3.3, to support hydrator plugin manager usage"
            },
            "type": "library",
            "extra": {
                "laminas": {
                    "component": "Laminas\\Hydrator",
                    "config-provider": "Laminas\\Hydrator\\ConfigProvider"
                }
            },
            "autoload": {
                "psr-4": {
                    "Laminas\\Hydrator\\": "src/"
                }
            },
            "notification-url": "https://packagist.org/downloads/",
            "license": [
                "BSD-3-Clause"
            ],
            "description": "Serialize objects to arrays, and vice versa",
            "homepage": "https://laminas.dev",
            "keywords": [
                "hydrator",
                "laminas"
            ],
            "support": {
                "chat": "https://laminas.dev/chat",
                "docs": "https://docs.laminas.dev/laminas-hydrator/",
                "forum": "https://discourse.laminas.dev",
                "issues": "https://github.com/laminas/laminas-hydrator/issues",
                "rss": "https://github.com/laminas/laminas-hydrator/releases.atom",
                "source": "https://github.com/laminas/laminas-hydrator"
            },
            "funding": [
                {
                    "url": "https://funding.communitybridge.org/projects/laminas-project",
                    "type": "community_bridge"
                }
            ],
            "time": "2021-06-29T11:04:20+00:00"
        },
        {
            "name": "laminas/laminas-stdlib",
            "version": "3.4.0",
            "source": {
                "type": "git",
                "url": "https://github.com/laminas/laminas-stdlib.git",
                "reference": "e89c2268c9cad25099f562f7f015c28c5dd383c9"
            },
            "dist": {
                "type": "zip",
                "url": "https://api.github.com/repos/laminas/laminas-stdlib/zipball/e89c2268c9cad25099f562f7f015c28c5dd383c9",
                "reference": "e89c2268c9cad25099f562f7f015c28c5dd383c9",
                "shasum": ""
            },
            "require": {
                "laminas/laminas-zendframework-bridge": "^1.0",
                "php": "^7.3 || ^8.0"
            },
            "replace": {
                "zendframework/zend-stdlib": "^3.2.1"
            },
            "require-dev": {
                "laminas/laminas-coding-standard": "~2.3.0",
                "phpbench/phpbench": "^0.17.1",
                "phpunit/phpunit": "~9.3.7",
                "psalm/plugin-phpunit": "^0.16.0",
                "vimeo/psalm": "^4.7"
            },
            "type": "library",
            "autoload": {
                "psr-4": {
                    "Laminas\\Stdlib\\": "src/"
                }
            },
            "notification-url": "https://packagist.org/downloads/",
            "license": [
                "BSD-3-Clause"
            ],
            "description": "SPL extensions, array utilities, error handlers, and more",
            "homepage": "https://laminas.dev",
            "keywords": [
                "laminas",
                "stdlib"
            ],
            "support": {
                "chat": "https://laminas.dev/chat",
                "docs": "https://docs.laminas.dev/laminas-stdlib/",
                "forum": "https://discourse.laminas.dev",
                "issues": "https://github.com/laminas/laminas-stdlib/issues",
                "rss": "https://github.com/laminas/laminas-stdlib/releases.atom",
                "source": "https://github.com/laminas/laminas-stdlib"
            },
            "funding": [
                {
                    "url": "https://funding.communitybridge.org/projects/laminas-project",
                    "type": "community_bridge"
                }
            ],
            "time": "2021-06-28T21:37:31+00:00"
        },
        {
            "name": "laminas/laminas-zendframework-bridge",
            "version": "1.3.0",
            "source": {
                "type": "git",
                "url": "https://github.com/laminas/laminas-zendframework-bridge.git",
                "reference": "13af2502d9bb6f7d33be2de4b51fb68c6cdb476e"
            },
            "dist": {
                "type": "zip",
                "url": "https://api.github.com/repos/laminas/laminas-zendframework-bridge/zipball/13af2502d9bb6f7d33be2de4b51fb68c6cdb476e",
                "reference": "13af2502d9bb6f7d33be2de4b51fb68c6cdb476e",
                "shasum": ""
            },
            "require": {
                "php": "^7.3 || ^8.0"
            },
            "require-dev": {
                "phpunit/phpunit": "^5.7 || ^6.5 || ^7.5 || ^8.1 || ^9.3",
                "psalm/plugin-phpunit": "^0.15.1",
                "squizlabs/php_codesniffer": "^3.5",
                "vimeo/psalm": "^4.6"
            },
            "type": "library",
            "extra": {
                "laminas": {
                    "module": "Laminas\\ZendFrameworkBridge"
                }
            },
            "autoload": {
                "files": [
                    "src/autoload.php"
                ],
                "psr-4": {
                    "Laminas\\ZendFrameworkBridge\\": "src//"
                }
            },
            "notification-url": "https://packagist.org/downloads/",
            "license": [
                "BSD-3-Clause"
            ],
            "description": "Alias legacy ZF class names to Laminas Project equivalents.",
            "keywords": [
                "ZendFramework",
                "autoloading",
                "laminas",
                "zf"
            ],
            "support": {
                "forum": "https://discourse.laminas.dev/",
                "issues": "https://github.com/laminas/laminas-zendframework-bridge/issues",
                "rss": "https://github.com/laminas/laminas-zendframework-bridge/releases.atom",
                "source": "https://github.com/laminas/laminas-zendframework-bridge"
            },
            "funding": [
                {
                    "url": "https://funding.communitybridge.org/projects/laminas-project",
                    "type": "community_bridge"
                }
            ],
            "time": "2021-06-24T12:49:22+00:00"
        },
        {
            "name": "symfony/polyfill-ctype",
            "version": "v1.23.0",
            "source": {
                "type": "git",
                "url": "https://github.com/symfony/polyfill-ctype.git",
                "reference": "46cd95797e9df938fdd2b03693b5fca5e64b01ce"
            },
            "dist": {
                "type": "zip",
                "url": "https://api.github.com/repos/symfony/polyfill-ctype/zipball/46cd95797e9df938fdd2b03693b5fca5e64b01ce",
                "reference": "46cd95797e9df938fdd2b03693b5fca5e64b01ce",
                "shasum": ""
            },
            "require": {
                "php": ">=7.1"
            },
            "suggest": {
                "ext-ctype": "For best performance"
            },
            "type": "library",
            "extra": {
                "branch-alias": {
                    "dev-main": "1.23-dev"
                },
                "thanks": {
                    "name": "symfony/polyfill",
                    "url": "https://github.com/symfony/polyfill"
                }
            },
            "autoload": {
                "psr-4": {
                    "Symfony\\Polyfill\\Ctype\\": ""
                },
                "files": [
                    "bootstrap.php"
                ]
            },
            "notification-url": "https://packagist.org/downloads/",
            "license": [
                "MIT"
            ],
            "authors": [
                {
                    "name": "Gert de Pagter",
                    "email": "BackEndTea@gmail.com"
                },
                {
                    "name": "Symfony Community",
                    "homepage": "https://symfony.com/contributors"
                }
            ],
            "description": "Symfony polyfill for ctype functions",
            "homepage": "https://symfony.com",
            "keywords": [
                "compatibility",
                "ctype",
                "polyfill",
                "portable"
            ],
            "support": {
                "source": "https://github.com/symfony/polyfill-ctype/tree/v1.23.0"
            },
            "funding": [
                {
                    "url": "https://symfony.com/sponsor",
                    "type": "custom"
                },
                {
                    "url": "https://github.com/fabpot",
                    "type": "github"
                },
                {
                    "url": "https://tidelift.com/funding/github/packagist/symfony/symfony",
                    "type": "tidelift"
                }
            ],
            "time": "2021-02-19T12:13:01+00:00"
        },
        {
            "name": "webmozart/assert",
            "version": "1.10.0",
            "source": {
                "type": "git",
                "url": "https://github.com/webmozarts/assert.git",
                "reference": "6964c76c7804814a842473e0c8fd15bab0f18e25"
            },
            "dist": {
                "type": "zip",
                "url": "https://api.github.com/repos/webmozarts/assert/zipball/6964c76c7804814a842473e0c8fd15bab0f18e25",
                "reference": "6964c76c7804814a842473e0c8fd15bab0f18e25",
                "shasum": ""
            },
            "require": {
                "php": "^7.2 || ^8.0",
                "symfony/polyfill-ctype": "^1.8"
            },
            "conflict": {
                "phpstan/phpstan": "<0.12.20",
                "vimeo/psalm": "<4.6.1 || 4.6.2"
            },
            "require-dev": {
                "phpunit/phpunit": "^8.5.13"
            },
            "type": "library",
            "extra": {
                "branch-alias": {
                    "dev-master": "1.10-dev"
                }
            },
            "autoload": {
                "psr-4": {
                    "Webmozart\\Assert\\": "src/"
                }
            },
            "notification-url": "https://packagist.org/downloads/",
            "license": [
                "MIT"
            ],
            "authors": [
                {
                    "name": "Bernhard Schussek",
                    "email": "bschussek@gmail.com"
                }
            ],
            "description": "Assertions to validate method input/output with nice error messages.",
            "keywords": [
                "assert",
                "check",
                "validate"
            ],
            "support": {
                "issues": "https://github.com/webmozarts/assert/issues",
                "source": "https://github.com/webmozarts/assert/tree/1.10.0"
            },
            "time": "2021-03-09T10:59:23+00:00"
        }
    ],
    "aliases": [],
    "minimum-stability": "dev",
    "stability-flags": {
        "flow-php/array-dot": 20,
        "flow-php/etl": 20,
        "flow-php/etl-adapter-json": 20
    },
    "prefer-stable": true,
    "prefer-lowest": false,
    "platform": {
        "php": "^7.4 | ^8.0",
        "ext-json": "*"
    },
    "platform-dev": [],
    "plugin-api-version": "2.0.0"
}
